// !$*UTF8*$!
{
	archiveVersion = 1;
	classes = {
	};
	objectVersion = 50;
	objects = {

/* Begin PBXBuildFile section */
		72DAB1F434C2B5B8E0A5C4B3 /* Pods_SwiftDemo.framework in Frameworks */ = {isa = PBXBuildFile; fileRef = 65E78F23308E40624145CC29 /* Pods_SwiftDemo.framework */; };
		7348D698210852FC003EF9B9 /* AppDelegate.swift in Sources */ = {isa = PBXBuildFile; fileRef = 7348D697210852FC003EF9B9 /* AppDelegate.swift */; };
		7348D69A210852FC003EF9B9 /* ViewController.swift in Sources */ = {isa = PBXBuildFile; fileRef = 7348D699210852FC003EF9B9 /* ViewController.swift */; };
		7348D69D210852FC003EF9B9 /* Main.storyboard in Resources */ = {isa = PBXBuildFile; fileRef = 7348D69B210852FC003EF9B9 /* Main.storyboard */; };
		7348D69F210852FD003EF9B9 /* Assets.xcassets in Resources */ = {isa = PBXBuildFile; fileRef = 7348D69E210852FD003EF9B9 /* Assets.xcassets */; };
		7348D6A2210852FD003EF9B9 /* LaunchScreen.storyboard in Resources */ = {isa = PBXBuildFile; fileRef = 7348D6A0210852FD003EF9B9 /* LaunchScreen.storyboard */; };
		7348D6AD210852FD003EF9B9 /* SwiftDemoTests.swift in Sources */ = {isa = PBXBuildFile; fileRef = 7348D6AC210852FD003EF9B9 /* SwiftDemoTests.swift */; };
		7348D6B8210852FD003EF9B9 /* SwiftDemoUITests.swift in Sources */ = {isa = PBXBuildFile; fileRef = 7348D6B7210852FD003EF9B9 /* SwiftDemoUITests.swift */; };
		7348D6C821085E5C003EF9B9 /* BoxCell.swift in Sources */ = {isa = PBXBuildFile; fileRef = 7348D6C721085E5C003EF9B9 /* BoxCell.swift */; };
		7348D6CA21086DD0003EF9B9 /* BoxLocation.swift in Sources */ = {isa = PBXBuildFile; fileRef = 7348D6C921086DD0003EF9B9 /* BoxLocation.swift */; };
/* End PBXBuildFile section */

/* Begin PBXContainerItemProxy section */
		7348D6A9210852FD003EF9B9 /* PBXContainerItemProxy */ = {
			isa = PBXContainerItemProxy;
			containerPortal = 7348D68C210852FB003EF9B9 /* Project object */;
			proxyType = 1;
			remoteGlobalIDString = 7348D693210852FC003EF9B9;
			remoteInfo = SwiftDemo;
		};
		7348D6B4210852FD003EF9B9 /* PBXContainerItemProxy */ = {
			isa = PBXContainerItemProxy;
			containerPortal = 7348D68C210852FB003EF9B9 /* Project object */;
			proxyType = 1;
			remoteGlobalIDString = 7348D693210852FC003EF9B9;
			remoteInfo = SwiftDemo;
		};
/* End PBXContainerItemProxy section */

/* Begin PBXFileReference section */
		65E78F23308E40624145CC29 /* Pods_SwiftDemo.framework */ = {isa = PBXFileReference; explicitFileType = wrapper.framework; includeInIndex = 0; path = Pods_SwiftDemo.framework; sourceTree = BUILT_PRODUCTS_DIR; };
		7348D694210852FC003EF9B9 /* SwiftDemo.app */ = {isa = PBXFileReference; explicitFileType = wrapper.application; includeInIndex = 0; path = SwiftDemo.app; sourceTree = BUILT_PRODUCTS_DIR; };
		7348D697210852FC003EF9B9 /* AppDelegate.swift */ = {isa = PBXFileReference; lastKnownFileType = sourcecode.swift; path = AppDelegate.swift; sourceTree = "<group>"; };
		7348D699210852FC003EF9B9 /* ViewController.swift */ = {isa = PBXFileReference; lastKnownFileType = sourcecode.swift; path = ViewController.swift; sourceTree = "<group>"; };
		7348D69C210852FC003EF9B9 /* Base */ = {isa = PBXFileReference; lastKnownFileType = file.storyboard; name = Base; path = Base.lproj/Main.storyboard; sourceTree = "<group>"; };
		7348D69E210852FD003EF9B9 /* Assets.xcassets */ = {isa = PBXFileReference; lastKnownFileType = folder.assetcatalog; path = Assets.xcassets; sourceTree = "<group>"; };
		7348D6A1210852FD003EF9B9 /* Base */ = {isa = PBXFileReference; lastKnownFileType = file.storyboard; name = Base; path = Base.lproj/LaunchScreen.storyboard; sourceTree = "<group>"; };
		7348D6A3210852FD003EF9B9 /* Info.plist */ = {isa = PBXFileReference; lastKnownFileType = text.plist.xml; path = Info.plist; sourceTree = "<group>"; };
		7348D6A8210852FD003EF9B9 /* SwiftDemoTests.xctest */ = {isa = PBXFileReference; explicitFileType = wrapper.cfbundle; includeInIndex = 0; path = SwiftDemoTests.xctest; sourceTree = BUILT_PRODUCTS_DIR; };
		7348D6AC210852FD003EF9B9 /* SwiftDemoTests.swift */ = {isa = PBXFileReference; lastKnownFileType = sourcecode.swift; path = SwiftDemoTests.swift; sourceTree = "<group>"; };
		7348D6AE210852FD003EF9B9 /* Info.plist */ = {isa = PBXFileReference; lastKnownFileType = text.plist.xml; path = Info.plist; sourceTree = "<group>"; };
		7348D6B3210852FD003EF9B9 /* SwiftDemoUITests.xctest */ = {isa = PBXFileReference; explicitFileType = wrapper.cfbundle; includeInIndex = 0; path = SwiftDemoUITests.xctest; sourceTree = BUILT_PRODUCTS_DIR; };
		7348D6B7210852FD003EF9B9 /* SwiftDemoUITests.swift */ = {isa = PBXFileReference; lastKnownFileType = sourcecode.swift; path = SwiftDemoUITests.swift; sourceTree = "<group>"; };
		7348D6B9210852FD003EF9B9 /* Info.plist */ = {isa = PBXFileReference; lastKnownFileType = text.plist.xml; path = Info.plist; sourceTree = "<group>"; };
		7348D6C621085674003EF9B9 /* Swift-Bridge-Objective-C.h */ = {isa = PBXFileReference; lastKnownFileType = sourcecode.c.h; path = "Swift-Bridge-Objective-C.h"; sourceTree = "<group>"; };
		7348D6C721085E5C003EF9B9 /* BoxCell.swift */ = {isa = PBXFileReference; lastKnownFileType = sourcecode.swift; path = BoxCell.swift; sourceTree = "<group>"; };
		7348D6C921086DD0003EF9B9 /* BoxLocation.swift */ = {isa = PBXFileReference; lastKnownFileType = sourcecode.swift; path = BoxLocation.swift; sourceTree = "<group>"; };
		C8F136F6AA5CC309302C40FD /* Pods-SwiftDemo.debug.xcconfig */ = {isa = PBXFileReference; includeInIndex = 1; lastKnownFileType = text.xcconfig; name = "Pods-SwiftDemo.debug.xcconfig"; path = "Pods/Target Support Files/Pods-SwiftDemo/Pods-SwiftDemo.debug.xcconfig"; sourceTree = "<group>"; };
		E478A036B7A034738688E380 /* Pods-SwiftDemo.release.xcconfig */ = {isa = PBXFileReference; includeInIndex = 1; lastKnownFileType = text.xcconfig; name = "Pods-SwiftDemo.release.xcconfig"; path = "Pods/Target Support Files/Pods-SwiftDemo/Pods-SwiftDemo.release.xcconfig"; sourceTree = "<group>"; };
/* End PBXFileReference section */

/* Begin PBXFrameworksBuildPhase section */
		7348D691210852FC003EF9B9 /* Frameworks */ = {
			isa = PBXFrameworksBuildPhase;
			buildActionMask = 2147483647;
			files = (
				72DAB1F434C2B5B8E0A5C4B3 /* Pods_SwiftDemo.framework in Frameworks */,
			);
			runOnlyForDeploymentPostprocessing = 0;
		};
		7348D6A5210852FD003EF9B9 /* Frameworks */ = {
			isa = PBXFrameworksBuildPhase;
			buildActionMask = 2147483647;
			files = (
			);
			runOnlyForDeploymentPostprocessing = 0;
		};
		7348D6B0210852FD003EF9B9 /* Frameworks */ = {
			isa = PBXFrameworksBuildPhase;
			buildActionMask = 2147483647;
			files = (
			);
			runOnlyForDeploymentPostprocessing = 0;
		};
/* End PBXFrameworksBuildPhase section */

/* Begin PBXGroup section */
		32E6CEBDC57BA629277EC526 /* Pods */ = {
			isa = PBXGroup;
			children = (
				C8F136F6AA5CC309302C40FD /* Pods-SwiftDemo.debug.xcconfig */,
				E478A036B7A034738688E380 /* Pods-SwiftDemo.release.xcconfig */,
			);
			name = Pods;
			sourceTree = "<group>";
		};
		7348D68B210852FB003EF9B9 = {
			isa = PBXGroup;
			children = (
				7348D696210852FC003EF9B9 /* SwiftDemo */,
				7348D6AB210852FD003EF9B9 /* SwiftDemoTests */,
				7348D6B6210852FD003EF9B9 /* SwiftDemoUITests */,
				7348D695210852FC003EF9B9 /* Products */,
				32E6CEBDC57BA629277EC526 /* Pods */,
				92B40A3D67057EDE8C5D8777 /* Frameworks */,
			);
			sourceTree = "<group>";
		};
		7348D695210852FC003EF9B9 /* Products */ = {
			isa = PBXGroup;
			children = (
				7348D694210852FC003EF9B9 /* SwiftDemo.app */,
				7348D6A8210852FD003EF9B9 /* SwiftDemoTests.xctest */,
				7348D6B3210852FD003EF9B9 /* SwiftDemoUITests.xctest */,
			);
			name = Products;
			sourceTree = "<group>";
		};
		7348D696210852FC003EF9B9 /* SwiftDemo */ = {
			isa = PBXGroup;
			children = (
				7348D697210852FC003EF9B9 /* AppDelegate.swift */,
				7348D699210852FC003EF9B9 /* ViewController.swift */,
				7348D6C721085E5C003EF9B9 /* BoxCell.swift */,
				7348D6C921086DD0003EF9B9 /* BoxLocation.swift */,
				7348D69B210852FC003EF9B9 /* Main.storyboard */,
				7348D69E210852FD003EF9B9 /* Assets.xcassets */,
				7348D6A0210852FD003EF9B9 /* LaunchScreen.storyboard */,
				7348D6A3210852FD003EF9B9 /* Info.plist */,
				7348D6C621085674003EF9B9 /* Swift-Bridge-Objective-C.h */,
			);
			path = SwiftDemo;
			sourceTree = "<group>";
		};
		7348D6AB210852FD003EF9B9 /* SwiftDemoTests */ = {
			isa = PBXGroup;
			children = (
				7348D6AC210852FD003EF9B9 /* SwiftDemoTests.swift */,
				7348D6AE210852FD003EF9B9 /* Info.plist */,
			);
			path = SwiftDemoTests;
			sourceTree = "<group>";
		};
		7348D6B6210852FD003EF9B9 /* SwiftDemoUITests */ = {
			isa = PBXGroup;
			children = (
				7348D6B7210852FD003EF9B9 /* SwiftDemoUITests.swift */,
				7348D6B9210852FD003EF9B9 /* Info.plist */,
			);
			path = SwiftDemoUITests;
			sourceTree = "<group>";
		};
		92B40A3D67057EDE8C5D8777 /* Frameworks */ = {
			isa = PBXGroup;
			children = (
				65E78F23308E40624145CC29 /* Pods_SwiftDemo.framework */,
			);
			name = Frameworks;
			sourceTree = "<group>";
		};
/* End PBXGroup section */

/* Begin PBXNativeTarget section */
		7348D693210852FC003EF9B9 /* SwiftDemo */ = {
			isa = PBXNativeTarget;
			buildConfigurationList = 7348D6BC210852FD003EF9B9 /* Build configuration list for PBXNativeTarget "SwiftDemo" */;
			buildPhases = (
				1EA4B724D73573DEA6650A5C /* [CP] Check Pods Manifest.lock */,
				7348D690210852FC003EF9B9 /* Sources */,
				7348D691210852FC003EF9B9 /* Frameworks */,
				7348D692210852FC003EF9B9 /* Resources */,
				EB75DFF70F1FF51645B8B842 /* [CP] Embed Pods Frameworks */,
				010273E7E65CF90B611694BB /* [CP] Copy Pods Resources */,
			);
			buildRules = (
			);
			dependencies = (
			);
			name = SwiftDemo;
			productName = SwiftDemo;
			productReference = 7348D694210852FC003EF9B9 /* SwiftDemo.app */;
			productType = "com.apple.product-type.application";
		};
		7348D6A7210852FD003EF9B9 /* SwiftDemoTests */ = {
			isa = PBXNativeTarget;
			buildConfigurationList = 7348D6BF210852FD003EF9B9 /* Build configuration list for PBXNativeTarget "SwiftDemoTests" */;
			buildPhases = (
				7348D6A4210852FD003EF9B9 /* Sources */,
				7348D6A5210852FD003EF9B9 /* Frameworks */,
				7348D6A6210852FD003EF9B9 /* Resources */,
			);
			buildRules = (
			);
			dependencies = (
				7348D6AA210852FD003EF9B9 /* PBXTargetDependency */,
			);
			name = SwiftDemoTests;
			productName = SwiftDemoTests;
			productReference = 7348D6A8210852FD003EF9B9 /* SwiftDemoTests.xctest */;
			productType = "com.apple.product-type.bundle.unit-test";
		};
		7348D6B2210852FD003EF9B9 /* SwiftDemoUITests */ = {
			isa = PBXNativeTarget;
			buildConfigurationList = 7348D6C2210852FD003EF9B9 /* Build configuration list for PBXNativeTarget "SwiftDemoUITests" */;
			buildPhases = (
				7348D6AF210852FD003EF9B9 /* Sources */,
				7348D6B0210852FD003EF9B9 /* Frameworks */,
				7348D6B1210852FD003EF9B9 /* Resources */,
			);
			buildRules = (
			);
			dependencies = (
				7348D6B5210852FD003EF9B9 /* PBXTargetDependency */,
			);
			name = SwiftDemoUITests;
			productName = SwiftDemoUITests;
			productReference = 7348D6B3210852FD003EF9B9 /* SwiftDemoUITests.xctest */;
			productType = "com.apple.product-type.bundle.ui-testing";
		};
/* End PBXNativeTarget section */

/* Begin PBXProject section */
		7348D68C210852FB003EF9B9 /* Project object */ = {
			isa = PBXProject;
			attributes = {
				LastSwiftUpdateCheck = 0940;
				LastUpgradeCheck = 0940;
				ORGANIZATIONNAME = "陈越东";
				TargetAttributes = {
					7348D693210852FC003EF9B9 = {
						CreatedOnToolsVersion = 9.4;
					};
					7348D6A7210852FD003EF9B9 = {
						CreatedOnToolsVersion = 9.4;
						TestTargetID = 7348D693210852FC003EF9B9;
					};
					7348D6B2210852FD003EF9B9 = {
						CreatedOnToolsVersion = 9.4;
						TestTargetID = 7348D693210852FC003EF9B9;
					};
				};
			};
			buildConfigurationList = 7348D68F210852FB003EF9B9 /* Build configuration list for PBXProject "SwiftDemo" */;
			compatibilityVersion = "Xcode 9.3";
			developmentRegion = en;
			hasScannedForEncodings = 0;
			knownRegions = (
				en,
				Base,
			);
			mainGroup = 7348D68B210852FB003EF9B9;
			productRefGroup = 7348D695210852FC003EF9B9 /* Products */;
			projectDirPath = "";
			projectRoot = "";
			targets = (
				7348D693210852FC003EF9B9 /* SwiftDemo */,
				7348D6A7210852FD003EF9B9 /* SwiftDemoTests */,
				7348D6B2210852FD003EF9B9 /* SwiftDemoUITests */,
			);
		};
/* End PBXProject section */

/* Begin PBXResourcesBuildPhase section */
		7348D692210852FC003EF9B9 /* Resources */ = {
			isa = PBXResourcesBuildPhase;
			buildActionMask = 2147483647;
			files = (
				7348D6A2210852FD003EF9B9 /* LaunchScreen.storyboard in Resources */,
				7348D69F210852FD003EF9B9 /* Assets.xcassets in Resources */,
				7348D69D210852FC003EF9B9 /* Main.storyboard in Resources */,
			);
			runOnlyForDeploymentPostprocessing = 0;
		};
		7348D6A6210852FD003EF9B9 /* Resources */ = {
			isa = PBXResourcesBuildPhase;
			buildActionMask = 2147483647;
			files = (
			);
			runOnlyForDeploymentPostprocessing = 0;
		};
		7348D6B1210852FD003EF9B9 /* Resources */ = {
			isa = PBXResourcesBuildPhase;
			buildActionMask = 2147483647;
			files = (
			);
			runOnlyForDeploymentPostprocessing = 0;
		};
/* End PBXResourcesBuildPhase section */

/* Begin PBXShellScriptBuildPhase section */
		010273E7E65CF90B611694BB /* [CP] Copy Pods Resources */ = {
			isa = PBXShellScriptBuildPhase;
			buildActionMask = 2147483647;
			files = (
			);
			inputPaths = (
			);
			name = "[CP] Copy Pods Resources";
			outputPaths = (
			);
			runOnlyForDeploymentPostprocessing = 0;
			shellPath = /bin/sh;
			shellScript = "\"${SRCROOT}/Pods/Target Support Files/Pods-SwiftDemo/Pods-SwiftDemo-resources.sh\"\n";
			showEnvVarsInLog = 0;
		};
		1EA4B724D73573DEA6650A5C /* [CP] Check Pods Manifest.lock */ = {
			isa = PBXShellScriptBuildPhase;
			buildActionMask = 2147483647;
			files = (
			);
			inputPaths = (
				"${PODS_PODFILE_DIR_PATH}/Podfile.lock",
				"${PODS_ROOT}/Manifest.lock",
			);
			name = "[CP] Check Pods Manifest.lock";
			outputPaths = (
				"$(DERIVED_FILE_DIR)/Pods-SwiftDemo-checkManifestLockResult.txt",
			);
			runOnlyForDeploymentPostprocessing = 0;
			shellPath = /bin/sh;
			shellScript = "diff \"${PODS_PODFILE_DIR_PATH}/Podfile.lock\" \"${PODS_ROOT}/Manifest.lock\" > /dev/null\nif [ $? != 0 ] ; then\n    # print error to STDERR\n    echo \"error: The sandbox is not in sync with the Podfile.lock. Run 'pod install' or update your CocoaPods installation.\" >&2\n    exit 1\nfi\n# This output is used by Xcode 'outputs' to avoid re-running this script phase.\necho \"SUCCESS\" > \"${SCRIPT_OUTPUT_FILE_0}\"\n";
			showEnvVarsInLog = 0;
		};
		EB75DFF70F1FF51645B8B842 /* [CP] Embed Pods Frameworks */ = {
			isa = PBXShellScriptBuildPhase;
			buildActionMask = 2147483647;
			files = (
			);
			inputPaths = (
				"${SRCROOT}/Pods/Target Support Files/Pods-SwiftDemo/Pods-SwiftDemo-frameworks.sh",
				"${BUILT_PRODUCTS_DIR}/Masonry/Masonry.framework",
			);
			name = "[CP] Embed Pods Frameworks";
			outputPaths = (
				"${TARGET_BUILD_DIR}/${FRAMEWORKS_FOLDER_PATH}/Masonry.framework",
			);
			runOnlyForDeploymentPostprocessing = 0;
			shellPath = /bin/sh;
			shellScript = "\"${SRCROOT}/Pods/Target Support Files/Pods-SwiftDemo/Pods-SwiftDemo-frameworks.sh\"\n";
			showEnvVarsInLog = 0;
		};
/* End PBXShellScriptBuildPhase section */

/* Begin PBXSourcesBuildPhase section */
		7348D690210852FC003EF9B9 /* Sources */ = {
			isa = PBXSourcesBuildPhase;
			buildActionMask = 2147483647;
			files = (
				7348D6C821085E5C003EF9B9 /* BoxCell.swift in Sources */,
				7348D69A210852FC003EF9B9 /* ViewController.swift in Sources */,
				7348D6CA21086DD0003EF9B9 /* BoxLocation.swift in Sources */,
				7348D698210852FC003EF9B9 /* AppDelegate.swift in Sources */,
			);
			runOnlyForDeploymentPostprocessing = 0;
		};
		7348D6A4210852FD003EF9B9 /* Sources */ = {
			isa = PBXSourcesBuildPhase;
			buildActionMask = 2147483647;
			files = (
				7348D6AD210852FD003EF9B9 /* SwiftDemoTests.swift in Sources */,
			);
			runOnlyForDeploymentPostprocessing = 0;
		};
		7348D6AF210852FD003EF9B9 /* Sources */ = {
			isa = PBXSourcesBuildPhase;
			buildActionMask = 2147483647;
			files = (
				7348D6B8210852FD003EF9B9 /* SwiftDemoUITests.swift in Sources */,
			);
			runOnlyForDeploymentPostprocessing = 0;
		};
/* End PBXSourcesBuildPhase section */

/* Begin PBXTargetDependency section */
		7348D6AA210852FD003EF9B9 /* PBXTargetDependency */ = {
			isa = PBXTargetDependency;
			target = 7348D693210852FC003EF9B9 /* SwiftDemo */;
			targetProxy = 7348D6A9210852FD003EF9B9 /* PBXContainerItemProxy */;
		};
		7348D6B5210852FD003EF9B9 /* PBXTargetDependency */ = {
			isa = PBXTargetDependency;
			target = 7348D693210852FC003EF9B9 /* SwiftDemo */;
			targetProxy = 7348D6B4210852FD003EF9B9 /* PBXContainerItemProxy */;
		};
/* End PBXTargetDependency section */

/* Begin PBXVariantGroup section */
		7348D69B210852FC003EF9B9 /* Main.storyboard */ = {
			isa = PBXVariantGroup;
			children = (
				7348D69C210852FC003EF9B9 /* Base */,
			);
			name = Main.storyboard;
			sourceTree = "<group>";
		};
		7348D6A0210852FD003EF9B9 /* LaunchScreen.storyboard */ = {
			isa = PBXVariantGroup;
			children = (
				7348D6A1210852FD003EF9B9 /* Base */,
			);
			name = LaunchScreen.storyboard;
			sourceTree = "<group>";
		};
/* End PBXVariantGroup section */

/* Begin XCBuildConfiguration section */
		7348D6BA210852FD003EF9B9 /* Debug */ = {
			isa = XCBuildConfiguration;
			buildSettings = {
				ALWAYS_SEARCH_USER_PATHS = NO;
				CLANG_ANALYZER_NONNULL = YES;
				CLANG_ANALYZER_NUMBER_OBJECT_CONVERSION = YES_AGGRESSIVE;
				CLANG_CXX_LANGUAGE_STANDARD = "gnu++14";
				CLANG_CXX_LIBRARY = "libc++";
				CLANG_ENABLE_MODULES = YES;
				CLANG_ENABLE_OBJC_ARC = YES;
				CLANG_ENABLE_OBJC_WEAK = YES;
				CLANG_WARN_BLOCK_CAPTURE_AUTORELEASING = YES;
				CLANG_WARN_BOOL_CONVERSION = YES;
				CLANG_WARN_COMMA = YES;
				CLANG_WARN_CONSTANT_CONVERSION = YES;
				CLANG_WARN_DEPRECATED_OBJC_IMPLEMENTATIONS = YES;
				CLANG_WARN_DIRECT_OBJC_ISA_USAGE = YES_ERROR;
				CLANG_WARN_DOCUMENTATION_COMMENTS = YES;
				CLANG_WARN_EMPTY_BODY = YES;
				CLANG_WARN_ENUM_CONVERSION = YES;
				CLANG_WARN_INFINITE_RECURSION = YES;
				CLANG_WARN_INT_CONVERSION = YES;
				CLANG_WARN_NON_LITERAL_NULL_CONVERSION = YES;
				CLANG_WARN_OBJC_IMPLICIT_RETAIN_SELF = YES;
				CLANG_WARN_OBJC_LITERAL_CONVERSION = YES;
				CLANG_WARN_OBJC_ROOT_CLASS = YES_ERROR;
				CLANG_WARN_RANGE_LOOP_ANALYSIS = YES;
				CLANG_WARN_STRICT_PROTOTYPES = YES;
				CLANG_WARN_SUSPICIOUS_MOVE = YES;
				CLANG_WARN_UNGUARDED_AVAILABILITY = YES_AGGRESSIVE;
				CLANG_WARN_UNREACHABLE_CODE = YES;
				CLANG_WARN__DUPLICATE_METHOD_MATCH = YES;
				CODE_SIGN_IDENTITY = "iPhone Developer";
				COPY_PHASE_STRIP = NO;
				DEBUG_INFORMATION_FORMAT = dwarf;
				ENABLE_STRICT_OBJC_MSGSEND = YES;
				ENABLE_TESTABILITY = YES;
				GCC_C_LANGUAGE_STANDARD = gnu11;
				GCC_DYNAMIC_NO_PIC = NO;
				GCC_NO_COMMON_BLOCKS = YES;
				GCC_OPTIMIZATION_LEVEL = 0;
				GCC_PREPROCESSOR_DEFINITIONS = (
					"DEBUG=1",
					"$(inherited)",
				);
				GCC_WARN_64_TO_32_BIT_CONVERSION = YES;
				GCC_WARN_ABOUT_RETURN_TYPE = YES_ERROR;
				GCC_WARN_UNDECLARED_SELECTOR = YES;
				GCC_WARN_UNINITIALIZED_AUTOS = YES_AGGRESSIVE;
				GCC_WARN_UNUSED_FUNCTION = YES;
				GCC_WARN_UNUSED_VARIABLE = YES;
				IPHONEOS_DEPLOYMENT_TARGET = 11.4;
				MTL_ENABLE_DEBUG_INFO = YES;
				ONLY_ACTIVE_ARCH = YES;
				SDKROOT = iphoneos;
				SWIFT_ACTIVE_COMPILATION_CONDITIONS = DEBUG;
				SWIFT_OPTIMIZATION_LEVEL = "-Onone";
			};
			name = Debug;
		};
		7348D6BB210852FD003EF9B9 /* Release */ = {
			isa = XCBuildConfiguration;
			buildSettings = {
				ALWAYS_SEARCH_USER_PATHS = NO;
				CLANG_ANALYZER_NONNULL = YES;
				CLANG_ANALYZER_NUMBER_OBJECT_CONVERSION = YES_AGGRESSIVE;
				CLANG_CXX_LANGUAGE_STANDARD = "gnu++14";
				CLANG_CXX_LIBRARY = "libc++";
				CLANG_ENABLE_MODULES = YES;
				CLANG_ENABLE_OBJC_ARC = YES;
				CLANG_ENABLE_OBJC_WEAK = YES;
				CLANG_WARN_BLOCK_CAPTURE_AUTORELEASING = YES;
				CLANG_WARN_BOOL_CONVERSION = YES;
				CLANG_WARN_COMMA = YES;
				CLANG_WARN_CONSTANT_CONVERSION = YES;
				CLANG_WARN_DEPRECATED_OBJC_IMPLEMENTATIONS = YES;
				CLANG_WARN_DIRECT_OBJC_ISA_USAGE = YES_ERROR;
				CLANG_WARN_DOCUMENTATION_COMMENTS = YES;
				CLANG_WARN_EMPTY_BODY = YES;
				CLANG_WARN_ENUM_CONVERSION = YES;
				CLANG_WARN_INFINITE_RECURSION = YES;
				CLANG_WARN_INT_CONVERSION = YES;
				CLANG_WARN_NON_LITERAL_NULL_CONVERSION = YES;
				CLANG_WARN_OBJC_IMPLICIT_RETAIN_SELF = YES;
				CLANG_WARN_OBJC_LITERAL_CONVERSION = YES;
				CLANG_WARN_OBJC_ROOT_CLASS = YES_ERROR;
				CLANG_WARN_RANGE_LOOP_ANALYSIS = YES;
				CLANG_WARN_STRICT_PROTOTYPES = YES;
				CLANG_WARN_SUSPICIOUS_MOVE = YES;
				CLANG_WARN_UNGUARDED_AVAILABILITY = YES_AGGRESSIVE;
				CLANG_WARN_UNREACHABLE_CODE = YES;
				CLANG_WARN__DUPLICATE_METHOD_MATCH = YES;
				CODE_SIGN_IDENTITY = "iPhone Developer";
				COPY_PHASE_STRIP = NO;
				DEBUG_INFORMATION_FORMAT = "dwarf-with-dsym";
				ENABLE_NS_ASSERTIONS = NO;
				ENABLE_STRICT_OBJC_MSGSEND = YES;
				GCC_C_LANGUAGE_STANDARD = gnu11;
				GCC_NO_COMMON_BLOCKS = YES;
				GCC_WARN_64_TO_32_BIT_CONVERSION = YES;
				GCC_WARN_ABOUT_RETURN_TYPE = YES_ERROR;
				GCC_WARN_UNDECLARED_SELECTOR = YES;
				GCC_WARN_UNINITIALIZED_AUTOS = YES_AGGRESSIVE;
				GCC_WARN_UNUSED_FUNCTION = YES;
				GCC_WARN_UNUSED_VARIABLE = YES;
				IPHONEOS_DEPLOYMENT_TARGET = 11.4;
				MTL_ENABLE_DEBUG_INFO = NO;
				SDKROOT = iphoneos;
				SWIFT_COMPILATION_MODE = wholemodule;
				SWIFT_OPTIMIZATION_LEVEL = "-O";
				VALIDATE_PRODUCT = YES;
			};
			name = Release;
		};
		7348D6BD210852FD003EF9B9 /* Debug */ = {
			isa = XCBuildConfiguration;
			baseConfigurationReference = C8F136F6AA5CC309302C40FD /* Pods-SwiftDemo.debug.xcconfig */;
			buildSettings = {
				ASSETCATALOG_COMPILER_APPICON_NAME = AppIcon;
				CODE_SIGN_STYLE = Automatic;
				DEVELOPMENT_TEAM = 67RY4C5Q77;
				INFOPLIST_FILE = SwiftDemo/Info.plist;
				LD_RUNPATH_SEARCH_PATHS = (
					"$(inherited)",
					"@executable_path/Frameworks",
				);
				PRODUCT_BUNDLE_IDENTIFIER = SwiftDemo.SwiftDemo;
				PRODUCT_NAME = "$(TARGET_NAME)";
				SWIFT_OBJC_BRIDGING_HEADER = "${SRCROOT}/SwiftDemo/Swift-Bridge-Objective-C.h";
				SWIFT_VERSION = 4.0;
				TARGETED_DEVICE_FAMILY = "1,2";
				USER_HEADER_SEARCH_PATHS = "${SRCROOT}/**";
			};
			name = Debug;
		};
		7348D6BE210852FD003EF9B9 /* Release */ = {
			isa = XCBuildConfiguration;
			baseConfigurationReference = E478A036B7A034738688E380 /* Pods-SwiftDemo.release.xcconfig */;
			buildSettings = {
				ASSETCATALOG_COMPILER_APPICON_NAME = AppIcon;
				CODE_SIGN_STYLE = Automatic;
				DEVELOPMENT_TEAM = 67RY4C5Q77;
				INFOPLIST_FILE = SwiftDemo/Info.plist;
				LD_RUNPATH_SEARCH_PATHS = (
					"$(inherited)",
					"@executable_path/Frameworks",
				);
				PRODUCT_BUNDLE_IDENTIFIER = SwiftDemo.SwiftDemo;
				PRODUCT_NAME = "$(TARGET_NAME)";
				SWIFT_OBJC_BRIDGING_HEADER = "${SRCROOT}/SwiftDemo/Swift-Bridge-Objective-C.h";
				SWIFT_VERSION = 4.0;
				TARGETED_DEVICE_FAMILY = "1,2";
				USER_HEADER_SEARCH_PATHS = "${SRCROOT}/**";
			};
			name = Release;
		};
		7348D6C0210852FD003EF9B9 /* Debug */ = {
			isa = XCBuildConfiguration;
			buildSettings = {
				ALWAYS_EMBED_SWIFT_STANDARD_LIBRARIES = YES;
				BUNDLE_LOADER = "$(TEST_HOST)";
				CODE_SIGN_STYLE = Automatic;
				DEVELOPMENT_TEAM = 67RY4C5Q77;
				INFOPLIST_FILE = SwiftDemoTests/Info.plist;
				LD_RUNPATH_SEARCH_PATHS = (
					"$(inherited)",
					"@executable_path/Frameworks",
					"@loader_path/Frameworks",
				);
				PRODUCT_BUNDLE_IDENTIFIER = SwiftDemo.SwiftDemoTests;
				PRODUCT_NAME = "$(TARGET_NAME)";
				SWIFT_VERSION = 4.0;
				TARGETED_DEVICE_FAMILY = "1,2";
				TEST_HOST = "$(BUILT_PRODUCTS_DIR)/SwiftDemo.app/SwiftDemo";
			};
			name = Debug;
		};
		7348D6C1210852FD003EF9B9 /* Release */ = {
			isa = XCBuildConfiguration;
			buildSettings = {
				ALWAYS_EMBED_SWIFT_STANDARD_LIBRARIES = YES;
				BUNDLE_LOADER = "$(TEST_HOST)";
				CODE_SIGN_STYLE = Automatic;
				DEVELOPMENT_TEAM = 67RY4C5Q77;
				INFOPLIST_FILE = SwiftDemoTests/Info.plist;
				LD_RUNPATH_SEARCH_PATHS = (
					"$(inherited)",
					"@executable_path/Frameworks",
					"@loader_path/Frameworks",
				);
				PRODUCT_BUNDLE_IDENTIFIER = SwiftDemo.SwiftDemoTests;
				PRODUCT_NAME = "$(TARGET_NAME)";
				SWIFT_VERSION = 4.0;
				TARGETED_DEVICE_FAMILY = "1,2";
				TEST_HOST = "$(BUILT_PRODUCTS_DIR)/SwiftDemo.app/SwiftDemo";
			};
			name = Release;
		};
		7348D6C3210852FD003EF9B9 /* Debug */ = {
			isa = XCBuildConfiguration;
			buildSettings = {
				ALWAYS_EMBED_SWIFT_STANDARD_LIBRARIES = YES;
				CODE_SIGN_STYLE = Automatic;
				DEVELOPMENT_TEAM = 67RY4C5Q77;
				INFOPLIST_FILE = SwiftDemoUITests/Info.plist;
				LD_RUNPATH_SEARCH_PATHS = (
					"$(inherited)",
					"@executable_path/Frameworks",
					"@loader_path/Frameworks",
				);
				PRODUCT_BUNDLE_IDENTIFIER = SwiftDemo.SwiftDemoUITests;
				PRODUCT_NAME = "$(TARGET_NAME)";
				SWIFT_VERSION = 4.0;
				TARGETED_DEVICE_FAMILY = "1,2";
				TEST_TARGET_NAME = SwiftDemo;
			};
			name = Debug;
		};
		7348D6C4210852FD003EF9B9 /* Release */ = {
			isa = XCBuildConfiguration;
			buildSettings = {
				ALWAYS_EMBED_SWIFT_STANDARD_LIBRARIES = YES;
				CODE_SIGN_STYLE = Automatic;
				DEVELOPMENT_TEAM = 67RY4C5Q77;
				INFOPLIST_FILE = SwiftDemoUITests/Info.plist;
				LD_RUNPATH_SEARCH_PATHS = (
					"$(inherited)",
					"@executable_path/Frameworks",
					"@loader_path/Frameworks",
				);
				PRODUCT_BUNDLE_IDENTIFIER = SwiftDemo.SwiftDemoUITests;
				PRODUCT_NAME = "$(TARGET_NAME)";
				SWIFT_VERSION = 4.0;
				TARGETED_DEVICE_FAMILY = "1,2";
				TEST_TARGET_NAME = SwiftDemo;
			};
			name = Release;
		};
/* End XCBuildConfiguration section */

/* Begin XCConfigurationList section */
		7348D68F210852FB003EF9B9 /* Build configuration list for PBXProject "SwiftDemo" */ = {
			isa = XCConfigurationList;
			buildConfigurations = (
				7348D6BA210852FD003EF9B9 /* Debug */,
				7348D6BB210852FD003EF9B9 /* Release */,
			);
			defaultConfigurationIsVisible = 0;
			defaultConfigurationName = Release;
		};
		7348D6BC210852FD003EF9B9 /* Build configuration list for PBXNativeTarget "SwiftDemo" */ = {
			isa = XCConfigurationList;
			buildConfigurations = (
				7348D6BD210852FD003EF9B9 /* Debug */,
				7348D6BE210852FD003EF9B9 /* Release */,
			);
			defaultConfigurationIsVisible = 0;
			defaultConfigurationName = Release;
		};
		7348D6BF210852FD003EF9B9 /* Build configuration list for PBXNativeTarget "SwiftDemoTests" */ = {
			isa = XCConfigurationList;
			buildConfigurations = (
				7348D6C0210852FD003EF9B9 /* Debug */,
				7348D6C1210852FD003EF9B9 /* Release */,
			);
			defaultConfigurationIsVisible = 0;
			defaultConfigurationName = Release;
		};
		7348D6C2210852FD003EF9B9 /* Build configuration list for PBXNativeTarget "SwiftDemoUITests" */ = {
			isa = XCConfigurationList;
			buildConfigurations = (
				7348D6C3210852FD003EF9B9 /* Debug */,
				7348D6C4210852FD003EF9B9 /* Release */,
			);
			defaultConfigurationIsVisible = 0;
			defaultConfigurationName = Release;
		};
/* End XCConfigurationList section */
	};
	rootObject = 7348D68C210852FB003EF9B9 /* Project object */;
}
